// !$*UTF8*$!
{
	archiveVersion = 1;
	classes = {
	};
	objectVersion = 56;
	objects = {

/* Begin PBXBuildFile section */
		1690EB83A756D2138002A49B /* Pods_JAngelTheMovieDB_JAngelTheMovieDBUITests.framework in Frameworks */ = {isa = PBXBuildFile; fileRef = 3F66B7FE920B39F0214FE375 /* Pods_JAngelTheMovieDB_JAngelTheMovieDBUITests.framework */; };
		27FA8B3AE2438BCB4E725608 /* Pods_JAngelTheMovieDBTests.framework in Frameworks */ = {isa = PBXBuildFile; fileRef = D6EC66C782784F6AE20340A8 /* Pods_JAngelTheMovieDBTests.framework */; };
		D300C4A6B226400A4C897C1E /* Pods_JAngelTheMovieDB.framework in Frameworks */ = {isa = PBXBuildFile; fileRef = C253876F29E5D1B6FAE284BA /* Pods_JAngelTheMovieDB.framework */; };
		FB0136A52992B5BF0017AF85 /* DetailViewController.swift in Sources */ = {isa = PBXBuildFile; fileRef = FB0136A42992B5BF0017AF85 /* DetailViewController.swift */; };
		FB0136A82992E0630017AF85 /* CompaniesProduccionCollectionViewCell.swift in Sources */ = {isa = PBXBuildFile; fileRef = FB0136A62992E0630017AF85 /* CompaniesProduccionCollectionViewCell.swift */; };
		FB0136A92992E0630017AF85 /* CompaniesProduccionCollectionViewCell.xib in Resources */ = {isa = PBXBuildFile; fileRef = FB0136A72992E0630017AF85 /* CompaniesProduccionCollectionViewCell.xib */; };
		FB082F8529BBC8A40057F090 /* VideoViewController2.swift in Sources */ = {isa = PBXBuildFile; fileRef = FB082F8429BBC8A40057F090 /* VideoViewController2.swift */; };
		FB082F8829BBC9EC0057F090 /* pruebacellCollectionViewCell.swift in Sources */ = {isa = PBXBuildFile; fileRef = FB082F8629BBC9EC0057F090 /* pruebacellCollectionViewCell.swift */; };
		FB082F8929BBC9EC0057F090 /* pruebacellCollectionViewCell.xib in Resources */ = {isa = PBXBuildFile; fileRef = FB082F8729BBC9EC0057F090 /* pruebacellCollectionViewCell.xib */; };
		FB4621E5298D854C00295C27 /* OnTVViewModel.swift in Sources */ = {isa = PBXBuildFile; fileRef = FB4621E4298D854C00295C27 /* OnTVViewModel.swift */; };
		FB4621E7298D858B00295C27 /* OnTV.swift in Sources */ = {isa = PBXBuildFile; fileRef = FB4621E6298D858B00295C27 /* OnTV.swift */; };
		FB4621E9298DBA8300295C27 /* ProfileViewController.swift in Sources */ = {isa = PBXBuildFile; fileRef = FB4621E8298DBA8300295C27 /* ProfileViewController.swift */; };
		FB69D5C82989BAF40028D707 /* UsuarioViewModel.swift in Sources */ = {isa = PBXBuildFile; fileRef = FB69D5C72989BAF40028D707 /* UsuarioViewModel.swift */; };
		FB752D2D29883C7200E91038 /* Movie.swift in Sources */ = {isa = PBXBuildFile; fileRef = FB752D2C29883C7200E91038 /* Movie.swift */; };
		FB752D3129886B8200E91038 /* MovieViewModel.swift in Sources */ = {isa = PBXBuildFile; fileRef = FB752D3029886B8200E91038 /* MovieViewModel.swift */; };
		FB752D3329886C2E00E91038 /* Usuario.swift in Sources */ = {isa = PBXBuildFile; fileRef = FB752D3229886C2E00E91038 /* Usuario.swift */; };
		FB857BF629882F3000FB39E7 /* AppDelegate.swift in Sources */ = {isa = PBXBuildFile; fileRef = FB857BF529882F3000FB39E7 /* AppDelegate.swift */; };
		FB857BFA29882F3000FB39E7 /* ViewController.swift in Sources */ = {isa = PBXBuildFile; fileRef = FB857BF929882F3000FB39E7 /* ViewController.swift */; };
		FB857BFD29882F3000FB39E7 /* Main.storyboard in Resources */ = {isa = PBXBuildFile; fileRef = FB857BFB29882F3000FB39E7 /* Main.storyboard */; };
		FB857BFF29882F3100FB39E7 /* Assets.xcassets in Resources */ = {isa = PBXBuildFile; fileRef = FB857BFE29882F3100FB39E7 /* Assets.xcassets */; };
		FB857C0229882F3100FB39E7 /* LaunchScreen.storyboard in Resources */ = {isa = PBXBuildFile; fileRef = FB857C0029882F3100FB39E7 /* LaunchScreen.storyboard */; };
		FB857C0D29882F3100FB39E7 /* JAngelTheMovieDBTests.swift in Sources */ = {isa = PBXBuildFile; fileRef = FB857C0C29882F3100FB39E7 /* JAngelTheMovieDBTests.swift */; };
		FB857C1729882F3100FB39E7 /* JAngelTheMovieDBUITests.swift in Sources */ = {isa = PBXBuildFile; fileRef = FB857C1629882F3100FB39E7 /* JAngelTheMovieDBUITests.swift */; };
		FB857C1929882F3100FB39E7 /* JAngelTheMovieDBUITestsLaunchTests.swift in Sources */ = {isa = PBXBuildFile; fileRef = FB857C1829882F3100FB39E7 /* JAngelTheMovieDBUITestsLaunchTests.swift */; };
		FB9A839829BA562D00DE1B6D /* FavViewController.swift in Sources */ = {isa = PBXBuildFile; fileRef = FB9A839729BA562D00DE1B6D /* FavViewController.swift */; };
		FBA90BA9299415540005E775 /* profileViewModel.swift in Sources */ = {isa = PBXBuildFile; fileRef = FBA90BA8299415540005E775 /* profileViewModel.swift */; };
		FBDFDA3A29B7C03C00F0EABD /* PersistenceMovies.xcdatamodeld in Sources */ = {isa = PBXBuildFile; fileRef = FBDFDA3829B7C03C00F0EABD /* PersistenceMovies.xcdatamodeld */; };
		FBEFAE8A298C39BD00B1C865 /* MoviesViewController.swift in Sources */ = {isa = PBXBuildFile; fileRef = FBEFAE89298C39BD00B1C865 /* MoviesViewController.swift */; };
		FBEFAE8D298C428900B1C865 /* PeliculasCollectionViewCell.swift in Sources */ = {isa = PBXBuildFile; fileRef = FBEFAE8B298C428900B1C865 /* PeliculasCollectionViewCell.swift */; };
		FBFF0F36298C4413002D5B94 /* PeliculasCollectionViewCell.xib in Resources */ = {isa = PBXBuildFile; fileRef = FBFF0F35298C4413002D5B94 /* PeliculasCollectionViewCell.xib */; };
/* End PBXBuildFile section */

/* Begin PBXContainerItemProxy section */
		FB857C0929882F3100FB39E7 /* PBXContainerItemProxy */ = {
			isa = PBXContainerItemProxy;
			containerPortal = FB857BEA29882F3000FB39E7 /* Project object */;
			proxyType = 1;
			remoteGlobalIDString = FB857BF129882F3000FB39E7;
			remoteInfo = JAngelTheMovieDB;
		};
		FB857C1329882F3100FB39E7 /* PBXContainerItemProxy */ = {
			isa = PBXContainerItemProxy;
			containerPortal = FB857BEA29882F3000FB39E7 /* Project object */;
			proxyType = 1;
			remoteGlobalIDString = FB857BF129882F3000FB39E7;
			remoteInfo = JAngelTheMovieDB;
		};
/* End PBXContainerItemProxy section */

/* Begin PBXFileReference section */
		30EEA2E61518CE8279C3A946 /* Pods-JAngelTheMovieDB.debug.xcconfig */ = {isa = PBXFileReference; includeInIndex = 1; lastKnownFileType = text.xcconfig; name = "Pods-JAngelTheMovieDB.debug.xcconfig"; path = "Target Support Files/Pods-JAngelTheMovieDB/Pods-JAngelTheMovieDB.debug.xcconfig"; sourceTree = "<group>"; };
		3F66B7FE920B39F0214FE375 /* Pods_JAngelTheMovieDB_JAngelTheMovieDBUITests.framework */ = {isa = PBXFileReference; explicitFileType = wrapper.framework; includeInIndex = 0; path = Pods_JAngelTheMovieDB_JAngelTheMovieDBUITests.framework; sourceTree = BUILT_PRODUCTS_DIR; };
		45DE28378A871037707D54C4 /* Pods-JAngelTheMovieDBTests.release.xcconfig */ = {isa = PBXFileReference; includeInIndex = 1; lastKnownFileType = text.xcconfig; name = "Pods-JAngelTheMovieDBTests.release.xcconfig"; path = "Target Support Files/Pods-JAngelTheMovieDBTests/Pods-JAngelTheMovieDBTests.release.xcconfig"; sourceTree = "<group>"; };
		61D3C98E787C3BEE5C84D93C /* Pods-JAngelTheMovieDB-JAngelTheMovieDBUITests.debug.xcconfig */ = {isa = PBXFileReference; includeInIndex = 1; lastKnownFileType = text.xcconfig; name = "Pods-JAngelTheMovieDB-JAngelTheMovieDBUITests.debug.xcconfig"; path = "Target Support Files/Pods-JAngelTheMovieDB-JAngelTheMovieDBUITests/Pods-JAngelTheMovieDB-JAngelTheMovieDBUITests.debug.xcconfig"; sourceTree = "<group>"; };
		6C51855CB26E84A4DB304AEB /* Pods-JAngelTheMovieDBTests.debug.xcconfig */ = {isa = PBXFileReference; includeInIndex = 1; lastKnownFileType = text.xcconfig; name = "Pods-JAngelTheMovieDBTests.debug.xcconfig"; path = "Target Support Files/Pods-JAngelTheMovieDBTests/Pods-JAngelTheMovieDBTests.debug.xcconfig"; sourceTree = "<group>"; };
		A945E6DE00E6D06C9F60973F /* Pods-JAngelTheMovieDB.release.xcconfig */ = {isa = PBXFileReference; includeInIndex = 1; lastKnownFileType = text.xcconfig; name = "Pods-JAngelTheMovieDB.release.xcconfig"; path = "Target Support Files/Pods-JAngelTheMovieDB/Pods-JAngelTheMovieDB.release.xcconfig"; sourceTree = "<group>"; };
		C253876F29E5D1B6FAE284BA /* Pods_JAngelTheMovieDB.framework */ = {isa = PBXFileReference; explicitFileType = wrapper.framework; includeInIndex = 0; path = Pods_JAngelTheMovieDB.framework; sourceTree = BUILT_PRODUCTS_DIR; };
		D6EC66C782784F6AE20340A8 /* Pods_JAngelTheMovieDBTests.framework */ = {isa = PBXFileReference; explicitFileType = wrapper.framework; includeInIndex = 0; path = Pods_JAngelTheMovieDBTests.framework; sourceTree = BUILT_PRODUCTS_DIR; };
		F252B32E34F94A5596CBDBB7 /* Pods-JAngelTheMovieDB-JAngelTheMovieDBUITests.release.xcconfig */ = {isa = PBXFileReference; includeInIndex = 1; lastKnownFileType = text.xcconfig; name = "Pods-JAngelTheMovieDB-JAngelTheMovieDBUITests.release.xcconfig"; path = "Target Support Files/Pods-JAngelTheMovieDB-JAngelTheMovieDBUITests/Pods-JAngelTheMovieDB-JAngelTheMovieDBUITests.release.xcconfig"; sourceTree = "<group>"; };
		FB0136A42992B5BF0017AF85 /* DetailViewController.swift */ = {isa = PBXFileReference; lastKnownFileType = sourcecode.swift; path = DetailViewController.swift; sourceTree = "<group>"; };
		FB0136A62992E0630017AF85 /* CompaniesProduccionCollectionViewCell.swift */ = {isa = PBXFileReference; lastKnownFileType = sourcecode.swift; path = CompaniesProduccionCollectionViewCell.swift; sourceTree = "<group>"; };
		FB0136A72992E0630017AF85 /* CompaniesProduccionCollectionViewCell.xib */ = {isa = PBXFileReference; lastKnownFileType = file.xib; path = CompaniesProduccionCollectionViewCell.xib; sourceTree = "<group>"; };
		FB082F8429BBC8A40057F090 /* VideoViewController2.swift */ = {isa = PBXFileReference; lastKnownFileType = sourcecode.swift; path = VideoViewController2.swift; sourceTree = "<group>"; };
		FB082F8629BBC9EC0057F090 /* pruebacellCollectionViewCell.swift */ = {isa = PBXFileReference; lastKnownFileType = sourcecode.swift; path = pruebacellCollectionViewCell.swift; sourceTree = "<group>"; };
		FB082F8729BBC9EC0057F090 /* pruebacellCollectionViewCell.xib */ = {isa = PBXFileReference; lastKnownFileType = file.xib; path = pruebacellCollectionViewCell.xib; sourceTree = "<group>"; };
		FB4621E4298D854C00295C27 /* OnTVViewModel.swift */ = {isa = PBXFileReference; lastKnownFileType = sourcecode.swift; path = OnTVViewModel.swift; sourceTree = "<group>"; };
		FB4621E6298D858B00295C27 /* OnTV.swift */ = {isa = PBXFileReference; lastKnownFileType = sourcecode.swift; path = OnTV.swift; sourceTree = "<group>"; };
		FB4621E8298DBA8300295C27 /* ProfileViewController.swift */ = {isa = PBXFileReference; lastKnownFileType = sourcecode.swift; path = ProfileViewController.swift; sourceTree = "<group>"; };
		FB69D5C72989BAF40028D707 /* UsuarioViewModel.swift */ = {isa = PBXFileReference; lastKnownFileType = sourcecode.swift; path = UsuarioViewModel.swift; sourceTree = "<group>"; };
		FB752D2C29883C7200E91038 /* Movie.swift */ = {isa = PBXFileReference; lastKnownFileType = sourcecode.swift; path = Movie.swift; sourceTree = "<group>"; };
		FB752D3029886B8200E91038 /* MovieViewModel.swift */ = {isa = PBXFileReference; lastKnownFileType = sourcecode.swift; path = MovieViewModel.swift; sourceTree = "<group>"; };
		FB752D3229886C2E00E91038 /* Usuario.swift */ = {isa = PBXFileReference; lastKnownFileType = sourcecode.swift; path = Usuario.swift; sourceTree = "<group>"; };
		FB857BF229882F3000FB39E7 /* JAngelTheMovieDB.app */ = {isa = PBXFileReference; explicitFileType = wrapper.application; includeInIndex = 0; path = JAngelTheMovieDB.app; sourceTree = BUILT_PRODUCTS_DIR; };
		FB857BF529882F3000FB39E7 /* AppDelegate.swift */ = {isa = PBXFileReference; lastKnownFileType = sourcecode.swift; path = AppDelegate.swift; sourceTree = "<group>"; };
		FB857BF929882F3000FB39E7 /* ViewController.swift */ = {isa = PBXFileReference; lastKnownFileType = sourcecode.swift; path = ViewController.swift; sourceTree = "<group>"; };
		FB857BFC29882F3000FB39E7 /* Base */ = {isa = PBXFileReference; lastKnownFileType = file.storyboard; name = Base; path = Base.lproj/Main.storyboard; sourceTree = "<group>"; };
		FB857BFE29882F3100FB39E7 /* Assets.xcassets */ = {isa = PBXFileReference; lastKnownFileType = folder.assetcatalog; path = Assets.xcassets; sourceTree = "<group>"; };
		FB857C0129882F3100FB39E7 /* Base */ = {isa = PBXFileReference; lastKnownFileType = file.storyboard; name = Base; path = Base.lproj/LaunchScreen.storyboard; sourceTree = "<group>"; };
		FB857C0329882F3100FB39E7 /* Info.plist */ = {isa = PBXFileReference; lastKnownFileType = text.plist.xml; path = Info.plist; sourceTree = "<group>"; };
		FB857C0829882F3100FB39E7 /* JAngelTheMovieDBTests.xctest */ = {isa = PBXFileReference; explicitFileType = wrapper.cfbundle; includeInIndex = 0; path = JAngelTheMovieDBTests.xctest; sourceTree = BUILT_PRODUCTS_DIR; };
		FB857C0C29882F3100FB39E7 /* JAngelTheMovieDBTests.swift */ = {isa = PBXFileReference; lastKnownFileType = sourcecode.swift; path = JAngelTheMovieDBTests.swift; sourceTree = "<group>"; };
		FB857C1229882F3100FB39E7 /* JAngelTheMovieDBUITests.xctest */ = {isa = PBXFileReference; explicitFileType = wrapper.cfbundle; includeInIndex = 0; path = JAngelTheMovieDBUITests.xctest; sourceTree = BUILT_PRODUCTS_DIR; };
		FB857C1629882F3100FB39E7 /* JAngelTheMovieDBUITests.swift */ = {isa = PBXFileReference; lastKnownFileType = sourcecode.swift; path = JAngelTheMovieDBUITests.swift; sourceTree = "<group>"; };
		FB857C1829882F3100FB39E7 /* JAngelTheMovieDBUITestsLaunchTests.swift */ = {isa = PBXFileReference; lastKnownFileType = sourcecode.swift; path = JAngelTheMovieDBUITestsLaunchTests.swift; sourceTree = "<group>"; };
		FB9A839729BA562D00DE1B6D /* FavViewController.swift */ = {isa = PBXFileReference; lastKnownFileType = sourcecode.swift; path = FavViewController.swift; sourceTree = "<group>"; };
		FBA90BA8299415540005E775 /* profileViewModel.swift */ = {isa = PBXFileReference; lastKnownFileType = sourcecode.swift; path = profileViewModel.swift; sourceTree = "<group>"; };
		FBDFDA3929B7C03C00F0EABD /* PersistenceMovies.xcdatamodel */ = {isa = PBXFileReference; lastKnownFileType = wrapper.xcdatamodel; path = PersistenceMovies.xcdatamodel; sourceTree = "<group>"; };
		FBEFAE89298C39BD00B1C865 /* MoviesViewController.swift */ = {isa = PBXFileReference; lastKnownFileType = sourcecode.swift; path = MoviesViewController.swift; sourceTree = "<group>"; };
		FBEFAE8B298C428900B1C865 /* PeliculasCollectionViewCell.swift */ = {isa = PBXFileReference; lastKnownFileType = sourcecode.swift; path = PeliculasCollectionViewCell.swift; sourceTree = "<group>"; };
		FBFF0F35298C4413002D5B94 /* PeliculasCollectionViewCell.xib */ = {isa = PBXFileReference; fileEncoding = 4; lastKnownFileType = file.xib; path = PeliculasCollectionViewCell.xib; sourceTree = "<group>"; };
/* End PBXFileReference section */

/* Begin PBXFrameworksBuildPhase section */
		FB857BEF29882F3000FB39E7 /* Frameworks */ = {
			isa = PBXFrameworksBuildPhase;
			buildActionMask = 2147483647;
			files = (
				D300C4A6B226400A4C897C1E /* Pods_JAngelTheMovieDB.framework in Frameworks */,
			);
			runOnlyForDeploymentPostprocessing = 0;
		};
		FB857C0529882F3100FB39E7 /* Frameworks */ = {
			isa = PBXFrameworksBuildPhase;
			buildActionMask = 2147483647;
			files = (
				27FA8B3AE2438BCB4E725608 /* Pods_JAngelTheMovieDBTests.framework in Frameworks */,
			);
			runOnlyForDeploymentPostprocessing = 0;
		};
		FB857C0F29882F3100FB39E7 /* Frameworks */ = {
			isa = PBXFrameworksBuildPhase;
			buildActionMask = 2147483647;
			files = (
				1690EB83A756D2138002A49B /* Pods_JAngelTheMovieDB_JAngelTheMovieDBUITests.framework in Frameworks */,
			);
			runOnlyForDeploymentPostprocessing = 0;
		};
/* End PBXFrameworksBuildPhase section */

/* Begin PBXGroup section */
		12CAF6BA8EC84DED344E097A /* Pods */ = {
			isa = PBXGroup;
			children = (
				30EEA2E61518CE8279C3A946 /* Pods-JAngelTheMovieDB.debug.xcconfig */,
				A945E6DE00E6D06C9F60973F /* Pods-JAngelTheMovieDB.release.xcconfig */,
				61D3C98E787C3BEE5C84D93C /* Pods-JAngelTheMovieDB-JAngelTheMovieDBUITests.debug.xcconfig */,
				F252B32E34F94A5596CBDBB7 /* Pods-JAngelTheMovieDB-JAngelTheMovieDBUITests.release.xcconfig */,
				6C51855CB26E84A4DB304AEB /* Pods-JAngelTheMovieDBTests.debug.xcconfig */,
				45DE28378A871037707D54C4 /* Pods-JAngelTheMovieDBTests.release.xcconfig */,
			);
			path = Pods;
			sourceTree = "<group>";
		};
		4DAA06D89FDC6BBE008D8362 /* Frameworks */ = {
			isa = PBXGroup;
			children = (
				C253876F29E5D1B6FAE284BA /* Pods_JAngelTheMovieDB.framework */,
				3F66B7FE920B39F0214FE375 /* Pods_JAngelTheMovieDB_JAngelTheMovieDBUITests.framework */,
				D6EC66C782784F6AE20340A8 /* Pods_JAngelTheMovieDBTests.framework */,
			);
			name = Frameworks;
			sourceTree = "<group>";
		};
		FB857BE929882F3000FB39E7 = {
			isa = PBXGroup;
			children = (
				FB857BF429882F3000FB39E7 /* JAngelTheMovieDB */,
				FB857C0B29882F3100FB39E7 /* JAngelTheMovieDBTests */,
				FB857C1529882F3100FB39E7 /* JAngelTheMovieDBUITests */,
				FB857BF329882F3000FB39E7 /* Products */,
				12CAF6BA8EC84DED344E097A /* Pods */,
				4DAA06D89FDC6BBE008D8362 /* Frameworks */,
			);
			sourceTree = "<group>";
		};
		FB857BF329882F3000FB39E7 /* Products */ = {
			isa = PBXGroup;
			children = (
				FB857BF229882F3000FB39E7 /* JAngelTheMovieDB.app */,
				FB857C0829882F3100FB39E7 /* JAngelTheMovieDBTests.xctest */,
				FB857C1229882F3100FB39E7 /* JAngelTheMovieDBUITests.xctest */,
			);
			name = Products;
			sourceTree = "<group>";
		};
		FB857BF429882F3000FB39E7 /* JAngelTheMovieDB */ = {
			isa = PBXGroup;
			children = (
				FB857C28298832D000FB39E7 /* View */,
				FB857C27298832C800FB39E7 /* Controller */,
				FB857C26298832C000FB39E7 /* ViewModel */,
				FB857C25298832B700FB39E7 /* Model */,
				FB857BFE29882F3100FB39E7 /* Assets.xcassets */,
				FB857C0029882F3100FB39E7 /* LaunchScreen.storyboard */,
				FB857C0329882F3100FB39E7 /* Info.plist */,
			);
			path = JAngelTheMovieDB;
			sourceTree = "<group>";
		};
		FB857C0B29882F3100FB39E7 /* JAngelTheMovieDBTests */ = {
			isa = PBXGroup;
			children = (
				FB857C0C29882F3100FB39E7 /* JAngelTheMovieDBTests.swift */,
			);
			path = JAngelTheMovieDBTests;
			sourceTree = "<group>";
		};
		FB857C1529882F3100FB39E7 /* JAngelTheMovieDBUITests */ = {
			isa = PBXGroup;
			children = (
				FB857C1629882F3100FB39E7 /* JAngelTheMovieDBUITests.swift */,
				FB857C1829882F3100FB39E7 /* JAngelTheMovieDBUITestsLaunchTests.swift */,
			);
			path = JAngelTheMovieDBUITests;
			sourceTree = "<group>";
		};
		FB857C25298832B700FB39E7 /* Model */ = {
			isa = PBXGroup;
			children = (
				FB752D2C29883C7200E91038 /* Movie.swift */,
				FB752D3229886C2E00E91038 /* Usuario.swift */,
				FB4621E6298D858B00295C27 /* OnTV.swift */,
			);
			path = Model;
			sourceTree = "<group>";
		};
		FB857C26298832C000FB39E7 /* ViewModel */ = {
			isa = PBXGroup;
			children = (
				FBDFDA3829B7C03C00F0EABD /* PersistenceMovies.xcdatamodeld */,
				FB857BF529882F3000FB39E7 /* AppDelegate.swift */,
				FB752D3029886B8200E91038 /* MovieViewModel.swift */,
				FB4621E4298D854C00295C27 /* OnTVViewModel.swift */,
				FB69D5C72989BAF40028D707 /* UsuarioViewModel.swift */,
				FBA90BA8299415540005E775 /* profileViewModel.swift */,
			);
			path = ViewModel;
			sourceTree = "<group>";
		};
		FB857C27298832C800FB39E7 /* Controller */ = {
			isa = PBXGroup;
			children = (
				FB0136A62992E0630017AF85 /* CompaniesProduccionCollectionViewCell.swift */,
				FB857BF929882F3000FB39E7 /* ViewController.swift */,
				FBEFAE89298C39BD00B1C865 /* MoviesViewController.swift */,
				FBEFAE8B298C428900B1C865 /* PeliculasCollectionViewCell.swift */,
				FB4621E8298DBA8300295C27 /* ProfileViewController.swift */,
				FB0136A42992B5BF0017AF85 /* DetailViewController.swift */,
				FB9A839729BA562D00DE1B6D /* FavViewController.swift */,
			);
			path = Controller;
			sourceTree = "<group>";
		};
		FB857C28298832D000FB39E7 /* View */ = {
			isa = PBXGroup;
			children = (
				FB857BFB29882F3000FB39E7 /* Main.storyboard */,
				FBFF0F35298C4413002D5B94 /* PeliculasCollectionViewCell.xib */,
				FB0136A72992E0630017AF85 /* CompaniesProduccionCollectionViewCell.xib */,
				FB082F8429BBC8A40057F090 /* VideoViewController2.swift */,
				FB082F8629BBC9EC0057F090 /* pruebacellCollectionViewCell.swift */,
				FB082F8729BBC9EC0057F090 /* pruebacellCollectionViewCell.xib */,
			);
			path = View;
			sourceTree = "<group>";
		};
/* End PBXGroup section */

/* Begin PBXNativeTarget section */
		FB857BF129882F3000FB39E7 /* JAngelTheMovieDB */ = {
			isa = PBXNativeTarget;
			buildConfigurationList = FB857C1C29882F3100FB39E7 /* Build configuration list for PBXNativeTarget "JAngelTheMovieDB" */;
			buildPhases = (
				1B6444748717F71446C6CFF1 /* [CP] Check Pods Manifest.lock */,
				FB857BEE29882F3000FB39E7 /* Sources */,
				FB857BEF29882F3000FB39E7 /* Frameworks */,
				FB857BF029882F3000FB39E7 /* Resources */,
				1F9FCF77F213AF85F1F05E08 /* [CP] Embed Pods Frameworks */,
			);
			buildRules = (
			);
			dependencies = (
			);
			name = JAngelTheMovieDB;
			productName = JAngelTheMovieDB;
			productReference = FB857BF229882F3000FB39E7 /* JAngelTheMovieDB.app */;
			productType = "com.apple.product-type.application";
		};
		FB857C0729882F3100FB39E7 /* JAngelTheMovieDBTests */ = {
			isa = PBXNativeTarget;
			buildConfigurationList = FB857C1F29882F3100FB39E7 /* Build configuration list for PBXNativeTarget "JAngelTheMovieDBTests" */;
			buildPhases = (
				44B80A680F9A7A9588B759B8 /* [CP] Check Pods Manifest.lock */,
				FB857C0429882F3100FB39E7 /* Sources */,
				FB857C0529882F3100FB39E7 /* Frameworks */,
				FB857C0629882F3100FB39E7 /* Resources */,
			);
			buildRules = (
			);
			dependencies = (
				FB857C0A29882F3100FB39E7 /* PBXTargetDependency */,
			);
			name = JAngelTheMovieDBTests;
			productName = JAngelTheMovieDBTests;
			productReference = FB857C0829882F3100FB39E7 /* JAngelTheMovieDBTests.xctest */;
			productType = "com.apple.product-type.bundle.unit-test";
		};
		FB857C1129882F3100FB39E7 /* JAngelTheMovieDBUITests */ = {
			isa = PBXNativeTarget;
			buildConfigurationList = FB857C2229882F3100FB39E7 /* Build configuration list for PBXNativeTarget "JAngelTheMovieDBUITests" */;
			buildPhases = (
				E0E9CDC7CF37F3C68281D477 /* [CP] Check Pods Manifest.lock */,
				FB857C0E29882F3100FB39E7 /* Sources */,
				FB857C0F29882F3100FB39E7 /* Frameworks */,
				FB857C1029882F3100FB39E7 /* Resources */,
				52211510C6C85572E3AA5BDE /* [CP] Embed Pods Frameworks */,
			);
			buildRules = (
			);
			dependencies = (
				FB857C1429882F3100FB39E7 /* PBXTargetDependency */,
			);
			name = JAngelTheMovieDBUITests;
			productName = JAngelTheMovieDBUITests;
			productReference = FB857C1229882F3100FB39E7 /* JAngelTheMovieDBUITests.xctest */;
			productType = "com.apple.product-type.bundle.ui-testing";
		};
/* End PBXNativeTarget section */

/* Begin PBXProject section */
		FB857BEA29882F3000FB39E7 /* Project object */ = {
			isa = PBXProject;
			attributes = {
				BuildIndependentTargetsInParallel = 1;
				LastSwiftUpdateCheck = 1400;
				LastUpgradeCheck = 1400;
				TargetAttributes = {
					FB857BF129882F3000FB39E7 = {
						CreatedOnToolsVersion = 14.0.1;
					};
					FB857C0729882F3100FB39E7 = {
						CreatedOnToolsVersion = 14.0.1;
						TestTargetID = FB857BF129882F3000FB39E7;
					};
					FB857C1129882F3100FB39E7 = {
						CreatedOnToolsVersion = 14.0.1;
						TestTargetID = FB857BF129882F3000FB39E7;
					};
				};
			};
			buildConfigurationList = FB857BED29882F3000FB39E7 /* Build configuration list for PBXProject "JAngelTheMovieDB" */;
			compatibilityVersion = "Xcode 14.0";
			developmentRegion = en;
			hasScannedForEncodings = 0;
			knownRegions = (
				en,
				Base,
			);
			mainGroup = FB857BE929882F3000FB39E7;
			productRefGroup = FB857BF329882F3000FB39E7 /* Products */;
			projectDirPath = "";
			projectRoot = "";
			targets = (
				FB857BF129882F3000FB39E7 /* JAngelTheMovieDB */,
				FB857C0729882F3100FB39E7 /* JAngelTheMovieDBTests */,
				FB857C1129882F3100FB39E7 /* JAngelTheMovieDBUITests */,
			);
		};
/* End PBXProject section */

/* Begin PBXResourcesBuildPhase section */
		FB857BF029882F3000FB39E7 /* Resources */ = {
			isa = PBXResourcesBuildPhase;
			buildActionMask = 2147483647;
			files = (
				FB857C0229882F3100FB39E7 /* LaunchScreen.storyboard in Resources */,
				FBFF0F36298C4413002D5B94 /* PeliculasCollectionViewCell.xib in Resources */,
				FB857BFF29882F3100FB39E7 /* Assets.xcassets in Resources */,
				FB857BFD29882F3000FB39E7 /* Main.storyboard in Resources */,
				FB082F8929BBC9EC0057F090 /* pruebacellCollectionViewCell.xib in Resources */,
				FB0136A92992E0630017AF85 /* CompaniesProduccionCollectionViewCell.xib in Resources */,
			);
			runOnlyForDeploymentPostprocessing = 0;
		};
		FB857C0629882F3100FB39E7 /* Resources */ = {
			isa = PBXResourcesBuildPhase;
			buildActionMask = 2147483647;
			files = (
			);
			runOnlyForDeploymentPostprocessing = 0;
		};
		FB857C1029882F3100FB39E7 /* Resources */ = {
			isa = PBXResourcesBuildPhase;
			buildActionMask = 2147483647;
			files = (
			);
			runOnlyForDeploymentPostprocessing = 0;
		};
/* End PBXResourcesBuildPhase section */

/* Begin PBXShellScriptBuildPhase section */
		1B6444748717F71446C6CFF1 /* [CP] Check Pods Manifest.lock */ = {
			isa = PBXShellScriptBuildPhase;
			buildActionMask = 2147483647;
			files = (
			);
			inputFileListPaths = (
			);
			inputPaths = (
				"${PODS_PODFILE_DIR_PATH}/Podfile.lock",
				"${PODS_ROOT}/Manifest.lock",
			);
			name = "[CP] Check Pods Manifest.lock";
			outputFileListPaths = (
			);
			outputPaths = (
				"$(DERIVED_FILE_DIR)/Pods-JAngelTheMovieDB-checkManifestLockResult.txt",
			);
			runOnlyForDeploymentPostprocessing = 0;
			shellPath = /bin/sh;
			shellScript = "diff \"${PODS_PODFILE_DIR_PATH}/Podfile.lock\" \"${PODS_ROOT}/Manifest.lock\" > /dev/null\nif [ $? != 0 ] ; then\n    # print error to STDERR\n    echo \"error: The sandbox is not in sync with the Podfile.lock. Run 'pod install' or update your CocoaPods installation.\" >&2\n    exit 1\nfi\n# This output is used by Xcode 'outputs' to avoid re-running this script phase.\necho \"SUCCESS\" > \"${SCRIPT_OUTPUT_FILE_0}\"\n";
			showEnvVarsInLog = 0;
		};
		1F9FCF77F213AF85F1F05E08 /* [CP] Embed Pods Frameworks */ = {
			isa = PBXShellScriptBuildPhase;
			buildActionMask = 2147483647;
			files = (
			);
			inputFileListPaths = (
				"${PODS_ROOT}/Target Support Files/Pods-JAngelTheMovieDB/Pods-JAngelTheMovieDB-frameworks-${CONFIGURATION}-input-files.xcfilelist",
			);
			name = "[CP] Embed Pods Frameworks";
			outputFileListPaths = (
				"${PODS_ROOT}/Target Support Files/Pods-JAngelTheMovieDB/Pods-JAngelTheMovieDB-frameworks-${CONFIGURATION}-output-files.xcfilelist",
			);
			runOnlyForDeploymentPostprocessing = 0;
			shellPath = /bin/sh;
			shellScript = "\"${PODS_ROOT}/Target Support Files/Pods-JAngelTheMovieDB/Pods-JAngelTheMovieDB-frameworks.sh\"\n";
			showEnvVarsInLog = 0;
		};
		44B80A680F9A7A9588B759B8 /* [CP] Check Pods Manifest.lock */ = {
			isa = PBXShellScriptBuildPhase;
			buildActionMask = 2147483647;
			files = (
			);
			inputFileListPaths = (
			);
			inputPaths = (
				"${PODS_PODFILE_DIR_PATH}/Podfile.lock",
				"${PODS_ROOT}/Manifest.lock",
			);
			name = "[CP] Check Pods Manifest.lock";
			outputFileListPaths = (
			);
			outputPaths = (
				"$(DERIVED_FILE_DIR)/Pods-JAngelTheMovieDBTests-checkManifestLockResult.txt",
			);
			runOnlyForDeploymentPostprocessing = 0;
			shellPath = /bin/sh;
			shellScript = "diff \"${PODS_PODFILE_DIR_PATH}/Podfile.lock\" \"${PODS_ROOT}/Manifest.lock\" > /dev/null\nif [ $? != 0 ] ; then\n    # print error to STDERR\n    echo \"error: The sandbox is not in sync with the Podfile.lock. Run 'pod install' or update your CocoaPods installation.\" >&2\n    exit 1\nfi\n# This output is used by Xcode 'outputs' to avoid re-running this script phase.\necho \"SUCCESS\" > \"${SCRIPT_OUTPUT_FILE_0}\"\n";
			showEnvVarsInLog = 0;
		};
		52211510C6C85572E3AA5BDE /* [CP] Embed Pods Frameworks */ = {
			isa = PBXShellScriptBuildPhase;
			buildActionMask = 2147483647;
			files = (
			);
			inputFileListPaths = (
				"${PODS_ROOT}/Target Support Files/Pods-JAngelTheMovieDB-JAngelTheMovieDBUITests/Pods-JAngelTheMovieDB-JAngelTheMovieDBUITests-frameworks-${CONFIGURATION}-input-files.xcfilelist",
			);
			name = "[CP] Embed Pods Frameworks";
			outputFileListPaths = (
				"${PODS_ROOT}/Target Support Files/Pods-JAngelTheMovieDB-JAngelTheMovieDBUITests/Pods-JAngelTheMovieDB-JAngelTheMovieDBUITests-frameworks-${CONFIGURATION}-output-files.xcfilelist",
			);
			runOnlyForDeploymentPostprocessing = 0;
			shellPath = /bin/sh;
			shellScript = "\"${PODS_ROOT}/Target Support Files/Pods-JAngelTheMovieDB-JAngelTheMovieDBUITests/Pods-JAngelTheMovieDB-JAngelTheMovieDBUITests-frameworks.sh\"\n";
			showEnvVarsInLog = 0;
		};
		E0E9CDC7CF37F3C68281D477 /* [CP] Check Pods Manifest.lock */ = {
			isa = PBXShellScriptBuildPhase;
			buildActionMask = 2147483647;
			files = (
			);
			inputFileListPaths = (
			);
			inputPaths = (
				"${PODS_PODFILE_DIR_PATH}/Podfile.lock",
				"${PODS_ROOT}/Manifest.lock",
			);
			name = "[CP] Check Pods Manifest.lock";
			outputFileListPaths = (
			);
			outputPaths = (
				"$(DERIVED_FILE_DIR)/Pods-JAngelTheMovieDB-JAngelTheMovieDBUITests-checkManifestLockResult.txt",
			);
			runOnlyForDeploymentPostprocessing = 0;
			shellPath = /bin/sh;
			shellScript = "diff \"${PODS_PODFILE_DIR_PATH}/Podfile.lock\" \"${PODS_ROOT}/Manifest.lock\" > /dev/null\nif [ $? != 0 ] ; then\n    # print error to STDERR\n    echo \"error: The sandbox is not in sync with the Podfile.lock. Run 'pod install' or update your CocoaPods installation.\" >&2\n    exit 1\nfi\n# This output is used by Xcode 'outputs' to avoid re-running this script phase.\necho \"SUCCESS\" > \"${SCRIPT_OUTPUT_FILE_0}\"\n";
			showEnvVarsInLog = 0;
		};
/* End PBXShellScriptBuildPhase section */

/* Begin PBXSourcesBuildPhase section */
		FB857BEE29882F3000FB39E7 /* Sources */ = {
			isa = PBXSourcesBuildPhase;
			buildActionMask = 2147483647;
			files = (
				FB0136A52992B5BF0017AF85 /* DetailViewController.swift in Sources */,
				FB752D3329886C2E00E91038 /* Usuario.swift in Sources */,
				FBEFAE8D298C428900B1C865 /* PeliculasCollectionViewCell.swift in Sources */,
				FBEFAE8A298C39BD00B1C865 /* MoviesViewController.swift in Sources */,
				FB857BFA29882F3000FB39E7 /* ViewController.swift in Sources */,
				FB857BF629882F3000FB39E7 /* AppDelegate.swift in Sources */,
				FB082F8829BBC9EC0057F090 /* pruebacellCollectionViewCell.swift in Sources */,
				FB4621E9298DBA8300295C27 /* ProfileViewController.swift in Sources */,
				FB69D5C82989BAF40028D707 /* UsuarioViewModel.swift in Sources */,
				FB752D3129886B8200E91038 /* MovieViewModel.swift in Sources */,
				FB752D2D29883C7200E91038 /* Movie.swift in Sources */,
				FB9A839829BA562D00DE1B6D /* FavViewController.swift in Sources */,
				FB4621E7298D858B00295C27 /* OnTV.swift in Sources */,
				FBA90BA9299415540005E775 /* profileViewModel.swift in Sources */,
				FB0136A82992E0630017AF85 /* CompaniesProduccionCollectionViewCell.swift in Sources */,
				FBDFDA3A29B7C03C00F0EABD /* PersistenceMovies.xcdatamodeld in Sources */,
				FB4621E5298D854C00295C27 /* OnTVViewModel.swift in Sources */,
				FB082F8529BBC8A40057F090 /* VideoViewController2.swift in Sources */,
			);
			runOnlyForDeploymentPostprocessing = 0;
		};
		FB857C0429882F3100FB39E7 /* Sources */ = {
			isa = PBXSourcesBuildPhase;
			buildActionMask = 2147483647;
			files = (
				FB857C0D29882F3100FB39E7 /* JAngelTheMovieDBTests.swift in Sources */,
			);
			runOnlyForDeploymentPostprocessing = 0;
		};
		FB857C0E29882F3100FB39E7 /* Sources */ = {
			isa = PBXSourcesBuildPhase;
			buildActionMask = 2147483647;
			files = (
				FB857C1929882F3100FB39E7 /* JAngelTheMovieDBUITestsLaunchTests.swift in Sources */,
				FB857C1729882F3100FB39E7 /* JAngelTheMovieDBUITests.swift in Sources */,
			);
			runOnlyForDeploymentPostprocessing = 0;
		};
/* End PBXSourcesBuildPhase section */

/* Begin PBXTargetDependency section */
		FB857C0A29882F3100FB39E7 /* PBXTargetDependency */ = {
			isa = PBXTargetDependency;
			target = FB857BF129882F3000FB39E7 /* JAngelTheMovieDB */;
			targetProxy = FB857C0929882F3100FB39E7 /* PBXContainerItemProxy */;
		};
		FB857C1429882F3100FB39E7 /* PBXTargetDependency */ = {
			isa = PBXTargetDependency;
			target = FB857BF129882F3000FB39E7 /* JAngelTheMovieDB */;
			targetProxy = FB857C1329882F3100FB39E7 /* PBXContainerItemProxy */;
		};
/* End PBXTargetDependency section */

/* Begin PBXVariantGroup section */
		FB857BFB29882F3000FB39E7 /* Main.storyboard */ = {
			isa = PBXVariantGroup;
			children = (
				FB857BFC29882F3000FB39E7 /* Base */,
			);
			name = Main.storyboard;
			sourceTree = "<group>";
		};
		FB857C0029882F3100FB39E7 /* LaunchScreen.storyboard */ = {
			isa = PBXVariantGroup;
			children = (
				FB857C0129882F3100FB39E7 /* Base */,
			);
			name = LaunchScreen.storyboard;
			sourceTree = "<group>";
		};
/* End PBXVariantGroup section */

/* Begin XCBuildConfiguration section */
		FB857C1A29882F3100FB39E7 /* Debug */ = {
			isa = XCBuildConfiguration;
			buildSettings = {
				ALWAYS_SEARCH_USER_PATHS = NO;
				CLANG_ANALYZER_NONNULL = YES;
				CLANG_ANALYZER_NUMBER_OBJECT_CONVERSION = YES_AGGRESSIVE;
				CLANG_CXX_LANGUAGE_STANDARD = "gnu++20";
				CLANG_ENABLE_MODULES = YES;
				CLANG_ENABLE_OBJC_ARC = YES;
				CLANG_ENABLE_OBJC_WEAK = YES;
				CLANG_WARN_BLOCK_CAPTURE_AUTORELEASING = YES;
				CLANG_WARN_BOOL_CONVERSION = YES;
				CLANG_WARN_COMMA = YES;
				CLANG_WARN_CONSTANT_CONVERSION = YES;
				CLANG_WARN_DEPRECATED_OBJC_IMPLEMENTATIONS = YES;
				CLANG_WARN_DIRECT_OBJC_ISA_USAGE = YES_ERROR;
				CLANG_WARN_DOCUMENTATION_COMMENTS = YES;
				CLANG_WARN_EMPTY_BODY = YES;
				CLANG_WARN_ENUM_CONVERSION = YES;
				CLANG_WARN_INFINITE_RECURSION = YES;
				CLANG_WARN_INT_CONVERSION = YES;
				CLANG_WARN_NON_LITERAL_NULL_CONVERSION = YES;
				CLANG_WARN_OBJC_IMPLICIT_RETAIN_SELF = YES;
				CLANG_WARN_OBJC_LITERAL_CONVERSION = YES;
				CLANG_WARN_OBJC_ROOT_CLASS = YES_ERROR;
				CLANG_WARN_QUOTED_INCLUDE_IN_FRAMEWORK_HEADER = YES;
				CLANG_WARN_RANGE_LOOP_ANALYSIS = YES;
				CLANG_WARN_STRICT_PROTOTYPES = YES;
				CLANG_WARN_SUSPICIOUS_MOVE = YES;
				CLANG_WARN_UNGUARDED_AVAILABILITY = YES_AGGRESSIVE;
				CLANG_WARN_UNREACHABLE_CODE = YES;
				CLANG_WARN__DUPLICATE_METHOD_MATCH = YES;
				COPY_PHASE_STRIP = NO;
				DEBUG_INFORMATION_FORMAT = dwarf;
				ENABLE_STRICT_OBJC_MSGSEND = YES;
				ENABLE_TESTABILITY = YES;
				GCC_C_LANGUAGE_STANDARD = gnu11;
				GCC_DYNAMIC_NO_PIC = NO;
				GCC_NO_COMMON_BLOCKS = YES;
				GCC_OPTIMIZATION_LEVEL = 0;
				GCC_PREPROCESSOR_DEFINITIONS = (
					"DEBUG=1",
					"$(inherited)",
				);
				GCC_WARN_64_TO_32_BIT_CONVERSION = YES;
				GCC_WARN_ABOUT_RETURN_TYPE = YES_ERROR;
				GCC_WARN_UNDECLARED_SELECTOR = YES;
				GCC_WARN_UNINITIALIZED_AUTOS = YES_AGGRESSIVE;
				GCC_WARN_UNUSED_FUNCTION = YES;
				GCC_WARN_UNUSED_VARIABLE = YES;
				IPHONEOS_DEPLOYMENT_TARGET = 16.0;
				MTL_ENABLE_DEBUG_INFO = INCLUDE_SOURCE;
				MTL_FAST_MATH = YES;
				ONLY_ACTIVE_ARCH = YES;
				SDKROOT = iphoneos;
				SWIFT_ACTIVE_COMPILATION_CONDITIONS = DEBUG;
				SWIFT_OPTIMIZATION_LEVEL = "-Onone";
			};
			name = Debug;
		};
		FB857C1B29882F3100FB39E7 /* Release */ = {
			isa = XCBuildConfiguration;
			buildSettings = {
				ALWAYS_SEARCH_USER_PATHS = NO;
				CLANG_ANALYZER_NONNULL = YES;
				CLANG_ANALYZER_NUMBER_OBJECT_CONVERSION = YES_AGGRESSIVE;
				CLANG_CXX_LANGUAGE_STANDARD = "gnu++20";
				CLANG_ENABLE_MODULES = YES;
				CLANG_ENABLE_OBJC_ARC = YES;
				CLANG_ENABLE_OBJC_WEAK = YES;
				CLANG_WARN_BLOCK_CAPTURE_AUTORELEASING = YES;
				CLANG_WARN_BOOL_CONVERSION = YES;
				CLANG_WARN_COMMA = YES;
				CLANG_WARN_CONSTANT_CONVERSION = YES;
				CLANG_WARN_DEPRECATED_OBJC_IMPLEMENTATIONS = YES;
				CLANG_WARN_DIRECT_OBJC_ISA_USAGE = YES_ERROR;
				CLANG_WARN_DOCUMENTATION_COMMENTS = YES;
				CLANG_WARN_EMPTY_BODY = YES;
				CLANG_WARN_ENUM_CONVERSION = YES;
				CLANG_WARN_INFINITE_RECURSION = YES;
				CLANG_WARN_INT_CONVERSION = YES;
				CLANG_WARN_NON_LITERAL_NULL_CONVERSION = YES;
				CLANG_WARN_OBJC_IMPLICIT_RETAIN_SELF = YES;
				CLANG_WARN_OBJC_LITERAL_CONVERSION = YES;
				CLANG_WARN_OBJC_ROOT_CLASS = YES_ERROR;
				CLANG_WARN_QUOTED_INCLUDE_IN_FRAMEWORK_HEADER = YES;
				CLANG_WARN_RANGE_LOOP_ANALYSIS = YES;
				CLANG_WARN_STRICT_PROTOTYPES = YES;
				CLANG_WARN_SUSPICIOUS_MOVE = YES;
				CLANG_WARN_UNGUARDED_AVAILABILITY = YES_AGGRESSIVE;
				CLANG_WARN_UNREACHABLE_CODE = YES;
				CLANG_WARN__DUPLICATE_METHOD_MATCH = YES;
				COPY_PHASE_STRIP = NO;
				DEBUG_INFORMATION_FORMAT = "dwarf-with-dsym";
				ENABLE_NS_ASSERTIONS = NO;
				ENABLE_STRICT_OBJC_MSGSEND = YES;
				GCC_C_LANGUAGE_STANDARD = gnu11;
				GCC_NO_COMMON_BLOCKS = YES;
				GCC_WARN_64_TO_32_BIT_CONVERSION = YES;
				GCC_WARN_ABOUT_RETURN_TYPE = YES_ERROR;
				GCC_WARN_UNDECLARED_SELECTOR = YES;
				GCC_WARN_UNINITIALIZED_AUTOS = YES_AGGRESSIVE;
				GCC_WARN_UNUSED_FUNCTION = YES;
				GCC_WARN_UNUSED_VARIABLE = YES;
				IPHONEOS_DEPLOYMENT_TARGET = 16.0;
				MTL_ENABLE_DEBUG_INFO = NO;
				MTL_FAST_MATH = YES;
				SDKROOT = iphoneos;
				SWIFT_COMPILATION_MODE = wholemodule;
				SWIFT_OPTIMIZATION_LEVEL = "-O";
				VALIDATE_PRODUCT = YES;
			};
			name = Release;
		};
		FB857C1D29882F3100FB39E7 /* Debug */ = {
			isa = XCBuildConfiguration;
			baseConfigurationReference = 30EEA2E61518CE8279C3A946 /* Pods-JAngelTheMovieDB.debug.xcconfig */;
			buildSettings = {
				ASSETCATALOG_COMPILER_APPICON_NAME = AppIcon;
				ASSETCATALOG_COMPILER_GLOBAL_ACCENT_COLOR_NAME = AccentColor;
				CODE_SIGN_STYLE = Automatic;
				CURRENT_PROJECT_VERSION = 1;
				DEVELOPMENT_TEAM = 2VU8L758JK;
				GENERATE_INFOPLIST_FILE = YES;
				INFOPLIST_FILE = JAngelTheMovieDB/Info.plist;
				INFOPLIST_KEY_UIApplicationSupportsIndirectInputEvents = YES;
				INFOPLIST_KEY_UILaunchStoryboardName = LaunchScreen;
				INFOPLIST_KEY_UIMainStoryboardFile = Main;
				INFOPLIST_KEY_UISupportedInterfaceOrientations_iPad = "UIInterfaceOrientationPortrait UIInterfaceOrientationPortraitUpsideDown UIInterfaceOrientationLandscapeLeft UIInterfaceOrientationLandscapeRight";
				INFOPLIST_KEY_UISupportedInterfaceOrientations_iPhone = "UIInterfaceOrientationPortrait UIInterfaceOrientationLandscapeLeft UIInterfaceOrientationLandscapeRight";
				IPHONEOS_DEPLOYMENT_TARGET = 14.7;
				LD_RUNPATH_SEARCH_PATHS = (
					"$(inherited)",
					"@executable_path/Frameworks",
				);
				MARKETING_VERSION = 1.0;
				PRODUCT_BUNDLE_IDENTIFIER = com.digis.JAngelTheMovieDB;
				PRODUCT_NAME = "$(TARGET_NAME)";
				SWIFT_EMIT_LOC_STRINGS = YES;
				SWIFT_VERSION = 5.0;
				TARGETED_DEVICE_FAMILY = "1,2";
			};
			name = Debug;
		};
		FB857C1E29882F3100FB39E7 /* Release */ = {
			isa = XCBuildConfiguration;
			baseConfigurationReference = A945E6DE00E6D06C9F60973F /* Pods-JAngelTheMovieDB.release.xcconfig */;
			buildSettings = {
				ASSETCATALOG_COMPILER_APPICON_NAME = AppIcon;
				ASSETCATALOG_COMPILER_GLOBAL_ACCENT_COLOR_NAME = AccentColor;
				CODE_SIGN_STYLE = Automatic;
				CURRENT_PROJECT_VERSION = 1;
				DEVELOPMENT_TEAM = 2VU8L758JK;
				GENERATE_INFOPLIST_FILE = YES;
				INFOPLIST_FILE = JAngelTheMovieDB/Info.plist;
				INFOPLIST_KEY_UIApplicationSupportsIndirectInputEvents = YES;
				INFOPLIST_KEY_UILaunchStoryboardName = LaunchScreen;
				INFOPLIST_KEY_UIMainStoryboardFile = Main;
				INFOPLIST_KEY_UISupportedInterfaceOrientations_iPad = "UIInterfaceOrientationPortrait UIInterfaceOrientationPortraitUpsideDown UIInterfaceOrientationLandscapeLeft UIInterfaceOrientationLandscapeRight";
				INFOPLIST_KEY_UISupportedInterfaceOrientations_iPhone = "UIInterfaceOrientationPortrait UIInterfaceOrientationLandscapeLeft UIInterfaceOrientationLandscapeRight";
				IPHONEOS_DEPLOYMENT_TARGET = 14.7;
				LD_RUNPATH_SEARCH_PATHS = (
					"$(inherited)",
					"@executable_path/Frameworks",
				);
				MARKETING_VERSION = 1.0;
				PRODUCT_BUNDLE_IDENTIFIER = com.digis.JAngelTheMovieDB;
				PRODUCT_NAME = "$(TARGET_NAME)";
				SWIFT_EMIT_LOC_STRINGS = YES;
				SWIFT_VERSION = 5.0;
				TARGETED_DEVICE_FAMILY = "1,2";
			};
			name = Release;
		};
		FB857C2029882F3100FB39E7 /* Debug */ = {
			isa = XCBuildConfiguration;
			baseConfigurationReference = 6C51855CB26E84A4DB304AEB /* Pods-JAngelTheMovieDBTests.debug.xcconfig */;
			buildSettings = {
				ALWAYS_EMBED_SWIFT_STANDARD_LIBRARIES = YES;
				BUNDLE_LOADER = "$(TEST_HOST)";
				CODE_SIGN_STYLE = Automatic;
				CURRENT_PROJECT_VERSION = 1;
				GENERATE_INFOPLIST_FILE = YES;
				IPHONEOS_DEPLOYMENT_TARGET = 16.0;
				MARKETING_VERSION = 1.0;
				PRODUCT_BUNDLE_IDENTIFIER = com.digis.JAngelTheMovieDBTests;
				PRODUCT_NAME = "$(TARGET_NAME)";
				SWIFT_EMIT_LOC_STRINGS = NO;
				SWIFT_VERSION = 5.0;
				TARGETED_DEVICE_FAMILY = "1,2";
				TEST_HOST = "$(BUILT_PRODUCTS_DIR)/JAngelTheMovieDB.app/$(BUNDLE_EXECUTABLE_FOLDER_PATH)/JAngelTheMovieDB";
			};
			name = Debug;
		};
		FB857C2129882F3100FB39E7 /* Release */ = {
			isa = XCBuildConfiguration;
			baseConfigurationReference = 45DE28378A871037707D54C4 /* Pods-JAngelTheMovieDBTests.release.xcconfig */;
			buildSettings = {
				ALWAYS_EMBED_SWIFT_STANDARD_LIBRARIES = YES;
				BUNDLE_LOADER = "$(TEST_HOST)";
				CODE_SIGN_STYLE = Automatic;
				CURRENT_PROJECT_VERSION = 1;
				GENERATE_INFOPLIST_FILE = YES;
				IPHONEOS_DEPLOYMENT_TARGET = 16.0;
				MARKETING_VERSION = 1.0;
				PRODUCT_BUNDLE_IDENTIFIER = com.digis.JAngelTheMovieDBTests;
				PRODUCT_NAME = "$(TARGET_NAME)";
				SWIFT_EMIT_LOC_STRINGS = NO;
				SWIFT_VERSION = 5.0;
				TARGETED_DEVICE_FAMILY = "1,2";
				TEST_HOST = "$(BUILT_PRODUCTS_DIR)/JAngelTheMovieDB.app/$(BUNDLE_EXECUTABLE_FOLDER_PATH)/JAngelTheMovieDB";
			};
			name = Release;
		};
		FB857C2329882F3100FB39E7 /* Debug */ = {
			isa = XCBuildConfiguration;
			baseConfigurationReference = 61D3C98E787C3BEE5C84D93C /* Pods-JAngelTheMovieDB-JAngelTheMovieDBUITests.debug.xcconfig */;
			buildSettings = {
				ALWAYS_EMBED_SWIFT_STANDARD_LIBRARIES = YES;
				CODE_SIGN_STYLE = Automatic;
				CURRENT_PROJECT_VERSION = 1;
				GENERATE_INFOPLIST_FILE = YES;
				MARKETING_VERSION = 1.0;
				PRODUCT_BUNDLE_IDENTIFIER = com.digis.JAngelTheMovieDBUITests;
				PRODUCT_NAME = "$(TARGET_NAME)";
				SWIFT_EMIT_LOC_STRINGS = NO;
				SWIFT_VERSION = 5.0;
				TARGETED_DEVICE_FAMILY = "1,2";
				TEST_TARGET_NAME = JAngelTheMovieDB;
			};
			name = Debug;
		};
		FB857C2429882F3100FB39E7 /* Release */ = {
			isa = XCBuildConfiguration;
			baseConfigurationReference = F252B32E34F94A5596CBDBB7 /* Pods-JAngelTheMovieDB-JAngelTheMovieDBUITests.release.xcconfig */;
			buildSettings = {
				ALWAYS_EMBED_SWIFT_STANDARD_LIBRARIES = YES;
				CODE_SIGN_STYLE = Automatic;
				CURRENT_PROJECT_VERSION = 1;
				GENERATE_INFOPLIST_FILE = YES;
				MARKETING_VERSION = 1.0;
				PRODUCT_BUNDLE_IDENTIFIER = com.digis.JAngelTheMovieDBUITests;
				PRODUCT_NAME = "$(TARGET_NAME)";
				SWIFT_EMIT_LOC_STRINGS = NO;
				SWIFT_VERSION = 5.0;
				TARGETED_DEVICE_FAMILY = "1,2";
				TEST_TARGET_NAME = JAngelTheMovieDB;
			};
			name = Release;
		};
/* End XCBuildConfiguration section */

/* Begin XCConfigurationList section */
		FB857BED29882F3000FB39E7 /* Build configuration list for PBXProject "JAngelTheMovieDB" */ = {
			isa = XCConfigurationList;
			buildConfigurations = (
				FB857C1A29882F3100FB39E7 /* Debug */,
				FB857C1B29882F3100FB39E7 /* Release */,
			);
			defaultConfigurationIsVisible = 0;
			defaultConfigurationName = Release;
		};
		FB857C1C29882F3100FB39E7 /* Build configuration list for PBXNativeTarget "JAngelTheMovieDB" */ = {
			isa = XCConfigurationList;
			buildConfigurations = (
				FB857C1D29882F3100FB39E7 /* Debug */,
				FB857C1E29882F3100FB39E7 /* Release */,
			);
			defaultConfigurationIsVisible = 0;
			defaultConfigurationName = Release;
		};
		FB857C1F29882F3100FB39E7 /* Build configuration list for PBXNativeTarget "JAngelTheMovieDBTests" */ = {
			isa = XCConfigurationList;
			buildConfigurations = (
				FB857C2029882F3100FB39E7 /* Debug */,
				FB857C2129882F3100FB39E7 /* Release */,
			);
			defaultConfigurationIsVisible = 0;
			defaultConfigurationName = Release;
		};
		FB857C2229882F3100FB39E7 /* Build configuration list for PBXNativeTarget "JAngelTheMovieDBUITests" */ = {
			isa = XCConfigurationList;
			buildConfigurations = (
				FB857C2329882F3100FB39E7 /* Debug */,
				FB857C2429882F3100FB39E7 /* Release */,
			);
			defaultConfigurationIsVisible = 0;
			defaultConfigurationName = Release;
		};
/* End XCConfigurationList section */

/* Begin XCVersionGroup section */
		FBDFDA3829B7C03C00F0EABD /* PersistenceMovies.xcdatamodeld */ = {
			isa = XCVersionGroup;
			children = (
				FBDFDA3929B7C03C00F0EABD /* PersistenceMovies.xcdatamodel */,
			);
			currentVersion = FBDFDA3929B7C03C00F0EABD /* PersistenceMovies.xcdatamodel */;
			path = PersistenceMovies.xcdatamodeld;
			sourceTree = "<group>";
			versionGroupType = wrapper.xcdatamodel;
		};
/* End XCVersionGroup section */
	};
	rootObject = FB857BEA29882F3000FB39E7 /* Project object */;
}
